
Microsoft Visual Studio Solution File, Format Version 12.00
# Visual Studio Version 17
VisualStudioVersion = 17.8.34511.84
MinimumVisualStudioVersion = 10.0.40219.1
Project("{FAE04EC0-301F-11D3-BF4B-00C04F79EFBC}") = "DZ4_Naumov", "ProgramModuleHW4\DZ4_Naumov.csproj", "{15DF6DCF-9F0C-4B7E-9928-62C8697282D8}"
EndProject
Global
	GlobalSection(SolutionConfigurationPlatforms) = preSolution
		Debug|Any CPU = Debug|Any CPU
		Release|Any CPU = Release|Any CPU
	EndGlobalSection
	GlobalSection(ProjectConfigurationPlatforms) = postSolution
		{15DF6DCF-9F0C-4B7E-9928-62C8697282D8}.Debug|Any CPU.ActiveCfg = Debug|Any CPU
		{15DF6DCF-9F0C-4B7E-9928-62C8697282D8}.Debug|Any CPU.Build.0 = Debug|Any CPU
		{15DF6DCF-9F0C-4B7E-9928-62C8697282D8}.Release|Any CPU.ActiveCfg = Release|Any CPU
		{15DF6DCF-9F0C-4B7E-9928-62C8697282D8}.Release|Any CPU.Build.0 = Release|Any CPU
	EndGlobalSection
	GlobalSection(SolutionProperties) = preSolution
		HideSolutionNode = FALSE
	EndGlobalSection
	GlobalSection(ExtensibilityGlobals) = postSolution
		SolutionGuid = {27493230-D794-4421-887A-5A6DB4E27912}
	EndGlobalSection
EndGlobal
